
Microsoft Visual Studio Solution File, Format Version 12.00
# Visual Studio 15
VisualStudioVersion = 15.0.27130.2020
MinimumVisualStudioVersion = 10.0.40219.1
Project("{FAE04EC0-301F-11D3-BF4B-00C04F79EFBC}") = "Hometask_01_3-2", "Hometask_01_3-2.csproj", "{A1E25438-201E-4710-9F93-D23BC614DDD4}"
EndProject
Global
	GlobalSection(SolutionConfigurationPlatforms) = preSolution
		Debug|Any CPU = Debug|Any CPU
		Release|Any CPU = Release|Any CPU
	EndGlobalSection
	GlobalSection(ProjectConfigurationPlatforms) = postSolution
		{A1E25438-201E-4710-9F93-D23BC614DDD4}.Debug|Any CPU.ActiveCfg = Debug|Any CPU
		{A1E25438-201E-4710-9F93-D23BC614DDD4}.Debug|Any CPU.Build.0 = Debug|Any CPU
		{A1E25438-201E-4710-9F93-D23BC614DDD4}.Release|Any CPU.ActiveCfg = Release|Any CPU
		{A1E25438-201E-4710-9F93-D23BC614DDD4}.Release|Any CPU.Build.0 = Release|Any CPU
	EndGlobalSection
	GlobalSection(SolutionProperties) = preSolution
		HideSolutionNode = FALSE
	EndGlobalSection
	GlobalSection(ExtensibilityGlobals) = postSolution
		SolutionGuid = {8D58A203-1B16-4776-8AA8-21A3932B2871}
	EndGlobalSection
EndGlobal
