
Microsoft Visual Studio Solution File, Format Version 12.00
# Visual Studio 15
VisualStudioVersion = 15.0.27130.2020
MinimumVisualStudioVersion = 10.0.40219.1
Project("{FAE04EC0-301F-11D3-BF4B-00C04F79EFBC}") = "Hometask_01_2-7", "Hometask_01_2-7.csproj", "{6556DB5E-D35F-4E4C-BE6E-6A45804A29BB}"
EndProject
Global
	GlobalSection(SolutionConfigurationPlatforms) = preSolution
		Debug|Any CPU = Debug|Any CPU
		Release|Any CPU = Release|Any CPU
	EndGlobalSection
	GlobalSection(ProjectConfigurationPlatforms) = postSolution
		{6556DB5E-D35F-4E4C-BE6E-6A45804A29BB}.Debug|Any CPU.ActiveCfg = Debug|Any CPU
		{6556DB5E-D35F-4E4C-BE6E-6A45804A29BB}.Debug|Any CPU.Build.0 = Debug|Any CPU
		{6556DB5E-D35F-4E4C-BE6E-6A45804A29BB}.Release|Any CPU.ActiveCfg = Release|Any CPU
		{6556DB5E-D35F-4E4C-BE6E-6A45804A29BB}.Release|Any CPU.Build.0 = Release|Any CPU
	EndGlobalSection
	GlobalSection(SolutionProperties) = preSolution
		HideSolutionNode = FALSE
	EndGlobalSection
	GlobalSection(ExtensibilityGlobals) = postSolution
		SolutionGuid = {7E7DCAC9-94E2-4F80-8A25-8979C5633040}
	EndGlobalSection
EndGlobal
