
Microsoft Visual Studio Solution File, Format Version 12.00
# Visual Studio 15
VisualStudioVersion = 15.0.26730.16
MinimumVisualStudioVersion = 10.0.40219.1
Project("{FAE04EC0-301F-11D3-BF4B-00C04F79EFBC}") = "Homework1-2-9", "Homework1-2-9\Homework1-2-9.csproj", "{446E5C95-DCF5-4606-A830-7D0AA3EA4545}"
EndProject
Global
	GlobalSection(SolutionConfigurationPlatforms) = preSolution
		Debug|Any CPU = Debug|Any CPU
		Release|Any CPU = Release|Any CPU
	EndGlobalSection
	GlobalSection(ProjectConfigurationPlatforms) = postSolution
		{446E5C95-DCF5-4606-A830-7D0AA3EA4545}.Debug|Any CPU.ActiveCfg = Debug|Any CPU
		{446E5C95-DCF5-4606-A830-7D0AA3EA4545}.Debug|Any CPU.Build.0 = Debug|Any CPU
		{446E5C95-DCF5-4606-A830-7D0AA3EA4545}.Release|Any CPU.ActiveCfg = Release|Any CPU
		{446E5C95-DCF5-4606-A830-7D0AA3EA4545}.Release|Any CPU.Build.0 = Release|Any CPU
	EndGlobalSection
	GlobalSection(SolutionProperties) = preSolution
		HideSolutionNode = FALSE
	EndGlobalSection
	GlobalSection(ExtensibilityGlobals) = postSolution
		SolutionGuid = {DB0C7BA6-CAAD-4B56-BB69-E85F619CA8BA}
	EndGlobalSection
EndGlobal
